// !$*UTF8*$!
{
	archiveVersion = 1;
	classes = {
	};
	objectVersion = 46;
	objects = {

/* Begin PBXBuildFile section */
		43022D8F19DBF81D00DA5F6B /* main.c in Sources */ = {isa = PBXBuildFile; fileRef = 43022D8E19DBF81D00DA5F6B /* main.c */; };
		43022D9719DBF85400DA5F6B /* waveformgen.c in Sources */ = {isa = PBXBuildFile; fileRef = 43022D9519DBF85400DA5F6B /* waveformgen.c */; };
		4380F10419DC18DB00F07BEA /* libavcodec.a in Frameworks */ = {isa = PBXBuildFile; fileRef = 4380F10019DC18DB00F07BEA /* libavcodec.a */; };
		4380F10519DC18DB00F07BEA /* libavfilter.a in Frameworks */ = {isa = PBXBuildFile; fileRef = 4380F10119DC18DB00F07BEA /* libavfilter.a */; };
		4380F10619DC18DB00F07BEA /* libavformat.a in Frameworks */ = {isa = PBXBuildFile; fileRef = 4380F10219DC18DB00F07BEA /* libavformat.a */; };
		4380F10719DC18DB00F07BEA /* libavutil.a in Frameworks */ = {isa = PBXBuildFile; fileRef = 4380F10319DC18DB00F07BEA /* libavutil.a */; };
/* End PBXBuildFile section */

/* Begin PBXCopyFilesBuildPhase section */
		43022D8919DBF81D00DA5F6B /* CopyFiles */ = {
			isa = PBXCopyFilesBuildPhase;
			buildActionMask = 2147483647;
			dstPath = /usr/share/man/man1/;
			dstSubfolderSpec = 0;
			files = (
			);
			runOnlyForDeploymentPostprocessing = 1;
		};
/* End PBXCopyFilesBuildPhase section */

/* Begin PBXFileReference section */
		43022D8B19DBF81D00DA5F6B /* waveformgen */ = {isa = PBXFileReference; explicitFileType = "compiled.mach-o.executable"; includeInIndex = 0; path = waveformgen; sourceTree = BUILT_PRODUCTS_DIR; };
		43022D8E19DBF81D00DA5F6B /* main.c */ = {isa = PBXFileReference; lastKnownFileType = sourcecode.c.c; path = main.c; sourceTree = "<group>"; };
		43022D9519DBF85400DA5F6B /* waveformgen.c */ = {isa = PBXFileReference; fileEncoding = 4; lastKnownFileType = sourcecode.c.c; path = waveformgen.c; sourceTree = "<group>"; };
		43022D9619DBF85400DA5F6B /* waveformgen.h */ = {isa = PBXFileReference; fileEncoding = 4; lastKnownFileType = sourcecode.c.h; path = waveformgen.h; sourceTree = "<group>"; };
		4380F0FB19DC181C00F07BEA /* libavcodec.a */ = {isa = PBXFileReference; lastKnownFileType = archive.ar; path = libavcodec.a; sourceTree = "<group>"; };
		4380F0FC19DC181C00F07BEA /* libavfilter.a */ = {isa = PBXFileReference; lastKnownFileType = archive.ar; path = libavfilter.a; sourceTree = "<group>"; };
		4380F0FD19DC181C00F07BEA /* libavformat.a */ = {isa = PBXFileReference; lastKnownFileType = archive.ar; path = libavformat.a; sourceTree = "<group>"; };
		4380F0FE19DC181C00F07BEA /* libavutil.a */ = {isa = PBXFileReference; lastKnownFileType = archive.ar; path = libavutil.a; sourceTree = "<group>"; };
		4380F10019DC18DB00F07BEA /* libavcodec.a */ = {isa = PBXFileReference; lastKnownFileType = archive.ar; name = libavcodec.a; path = ../../../../usr/local/lib/libavcodec.a; sourceTree = "<group>"; };
		4380F10119DC18DB00F07BEA /* libavfilter.a */ = {isa = PBXFileReference; lastKnownFileType = archive.ar; name = libavfilter.a; path = ../../../../usr/local/lib/libavfilter.a; sourceTree = "<group>"; };
		4380F10219DC18DB00F07BEA /* libavformat.a */ = {isa = PBXFileReference; lastKnownFileType = archive.ar; name = libavformat.a; path = ../../../../usr/local/lib/libavformat.a; sourceTree = "<group>"; };
		4380F10319DC18DB00F07BEA /* libavutil.a */ = {isa = PBXFileReference; lastKnownFileType = archive.ar; name = libavutil.a; path = ../../../../usr/local/lib/libavutil.a; sourceTree = "<group>"; };
/* End PBXFileReference section */

/* Begin PBXFrameworksBuildPhase section */
		4380F0FF19DC18C000F07BEA /* Frameworks */ = {
			isa = PBXFrameworksBuildPhase;
			buildActionMask = 2147483647;
			files = (
				4380F10419DC18DB00F07BEA /* libavcodec.a in Frameworks */,
				4380F10519DC18DB00F07BEA /* libavfilter.a in Frameworks */,
				4380F10619DC18DB00F07BEA /* libavformat.a in Frameworks */,
				4380F10719DC18DB00F07BEA /* libavutil.a in Frameworks */,
			);
			runOnlyForDeploymentPostprocessing = 0;
		};
/* End PBXFrameworksBuildPhase section */

/* Begin PBXGroup section */
		43022D8219DBF81D00DA5F6B = {
			isa = PBXGroup;
			children = (
				4380F10019DC18DB00F07BEA /* libavcodec.a */,
				4380F10119DC18DB00F07BEA /* libavfilter.a */,
				4380F10219DC18DB00F07BEA /* libavformat.a */,
				4380F10319DC18DB00F07BEA /* libavutil.a */,
				4380F0FB19DC181C00F07BEA /* libavcodec.a */,
				4380F0FC19DC181C00F07BEA /* libavfilter.a */,
				4380F0FD19DC181C00F07BEA /* libavformat.a */,
				4380F0FE19DC181C00F07BEA /* libavutil.a */,
				43022D8D19DBF81D00DA5F6B /* waveformgen */,
				43022D8C19DBF81D00DA5F6B /* Products */,
			);
			sourceTree = "<group>";
		};
		43022D8C19DBF81D00DA5F6B /* Products */ = {
			isa = PBXGroup;
			children = (
				43022D8B19DBF81D00DA5F6B /* waveformgen */,
			);
			name = Products;
			sourceTree = "<group>";
		};
		43022D8D19DBF81D00DA5F6B /* waveformgen */ = {
			isa = PBXGroup;
			children = (
				43022D9519DBF85400DA5F6B /* waveformgen.c */,
				43022D9619DBF85400DA5F6B /* waveformgen.h */,
				43022D8E19DBF81D00DA5F6B /* main.c */,
			);
			path = waveformgen;
			sourceTree = "<group>";
		};
/* End PBXGroup section */

/* Begin PBXNativeTarget section */
		43022D8A19DBF81D00DA5F6B /* waveformgen */ = {
			isa = PBXNativeTarget;
			buildConfigurationList = 43022D9219DBF81D00DA5F6B /* Build configuration list for PBXNativeTarget "waveformgen" */;
			buildPhases = (
				43022D8719DBF81D00DA5F6B /* Sources */,
				43022D8919DBF81D00DA5F6B /* CopyFiles */,
				4380F0FF19DC18C000F07BEA /* Frameworks */,
			);
			buildRules = (
			);
			dependencies = (
			);
			name = waveformgen;
			productName = waveformgen;
			productReference = 43022D8B19DBF81D00DA5F6B /* waveformgen */;
			productType = "com.apple.product-type.tool";
		};
/* End PBXNativeTarget section */

/* Begin PBXProject section */
		43022D8319DBF81D00DA5F6B /* Project object */ = {
			isa = PBXProject;
			attributes = {
				LastUpgradeCheck = 0600;
				ORGANIZATIONNAME = "Dmitro Humenyuk";
				TargetAttributes = {
					43022D8A19DBF81D00DA5F6B = {
						CreatedOnToolsVersion = 6.0.1;
					};
				};
			};
			buildConfigurationList = 43022D8619DBF81D00DA5F6B /* Build configuration list for PBXProject "waveformgen" */;
			compatibilityVersion = "Xcode 3.2";
			developmentRegion = English;
			hasScannedForEncodings = 0;
			knownRegions = (
				en,
			);
			mainGroup = 43022D8219DBF81D00DA5F6B;
			productRefGroup = 43022D8C19DBF81D00DA5F6B /* Products */;
			projectDirPath = "";
			projectRoot = "";
			targets = (
				43022D8A19DBF81D00DA5F6B /* waveformgen */,
			);
		};
/* End PBXProject section */

/* Begin PBXSourcesBuildPhase section */
		43022D8719DBF81D00DA5F6B /* Sources */ = {
			isa = PBXSourcesBuildPhase;
			buildActionMask = 2147483647;
			files = (
				43022D8F19DBF81D00DA5F6B /* main.c in Sources */,
				43022D9719DBF85400DA5F6B /* waveformgen.c in Sources */,
			);
			runOnlyForDeploymentPostprocessing = 0;
		};
/* End PBXSourcesBuildPhase section */

/* Begin XCBuildConfiguration section */
		43022D9019DBF81D00DA5F6B /* Debug */ = {
			isa = XCBuildConfiguration;
			buildSettings = {
				ALWAYS_SEARCH_USER_PATHS = YES;
				CLANG_CXX_LANGUAGE_STANDARD = "gnu++0x";
				CLANG_CXX_LIBRARY = "libc++";
				CLANG_ENABLE_MODULES = YES;
				CLANG_ENABLE_OBJC_ARC = YES;
				CLANG_WARN_BOOL_CONVERSION = YES;
				CLANG_WARN_CONSTANT_CONVERSION = YES;
				CLANG_WARN_DIRECT_OBJC_ISA_USAGE = YES_ERROR;
				CLANG_WARN_EMPTY_BODY = YES;
				CLANG_WARN_ENUM_CONVERSION = YES;
				CLANG_WARN_INT_CONVERSION = YES;
				CLANG_WARN_OBJC_ROOT_CLASS = YES_ERROR;
				CLANG_WARN_UNREACHABLE_CODE = YES;
				CLANG_WARN__DUPLICATE_METHOD_MATCH = YES;
				COPY_PHASE_STRIP = NO;
				ENABLE_STRICT_OBJC_MSGSEND = YES;
				GCC_C_LANGUAGE_STANDARD = gnu99;
				GCC_DYNAMIC_NO_PIC = NO;
				GCC_OPTIMIZATION_LEVEL = 0;
				GCC_PREPROCESSOR_DEFINITIONS = (
					"DEBUG=1",
					"$(inherited)",
				);
				GCC_SYMBOLS_PRIVATE_EXTERN = NO;
				GCC_WARN_64_TO_32_BIT_CONVERSION = YES;
				GCC_WARN_ABOUT_RETURN_TYPE = YES_ERROR;
				GCC_WARN_UNDECLARED_SELECTOR = YES;
				GCC_WARN_UNINITIALIZED_AUTOS = YES_AGGRESSIVE;
				GCC_WARN_UNUSED_FUNCTION = YES;
				GCC_WARN_UNUSED_VARIABLE = YES;
				LIBRARY_SEARCH_PATHS = /usr/local/lib;
				MACOSX_DEPLOYMENT_TARGET = 10.9;
				MTL_ENABLE_DEBUG_INFO = YES;
				ONLY_ACTIVE_ARCH = YES;
				SDKROOT = macosx;
				USER_HEADER_SEARCH_PATHS = /usr/local/include;
			};
			name = Debug;
		};
		43022D9119DBF81D00DA5F6B /* Release */ = {
			isa = XCBuildConfiguration;
			buildSettings = {
				ALWAYS_SEARCH_USER_PATHS = YES;
				CLANG_CXX_LANGUAGE_STANDARD = "gnu++0x";
				CLANG_CXX_LIBRARY = "libc++";
				CLANG_ENABLE_MODULES = YES;
				CLANG_ENABLE_OBJC_ARC = YES;
				CLANG_WARN_BOOL_CONVERSION = YES;
				CLANG_WARN_CONSTANT_CONVERSION = YES;
				CLANG_WARN_DIRECT_OBJC_ISA_USAGE = YES_ERROR;
				CLANG_WARN_EMPTY_BODY = YES;
				CLANG_WARN_ENUM_CONVERSION = YES;
				CLANG_WARN_INT_CONVERSION = YES;
				CLANG_WARN_OBJC_ROOT_CLASS = YES_ERROR;
				CLANG_WARN_UNREACHABLE_CODE = YES;
				CLANG_WARN__DUPLICATE_METHOD_MATCH = YES;
				COPY_PHASE_STRIP = YES;
				DEBUG_INFORMATION_FORMAT = "dwarf-with-dsym";
				ENABLE_NS_ASSERTIONS = NO;
				ENABLE_STRICT_OBJC_MSGSEND = YES;
				GCC_C_LANGUAGE_STANDARD = gnu99;
				GCC_WARN_64_TO_32_BIT_CONVERSION = YES;
				GCC_WARN_ABOUT_RETURN_TYPE = YES_ERROR;
				GCC_WARN_UNDECLARED_SELECTOR = YES;
				GCC_WARN_UNINITIALIZED_AUTOS = YES_AGGRESSIVE;
				GCC_WARN_UNUSED_FUNCTION = YES;
				GCC_WARN_UNUSED_VARIABLE = YES;
				LIBRARY_SEARCH_PATHS = /usr/local/lib;
				MACOSX_DEPLOYMENT_TARGET = 10.9;
				MTL_ENABLE_DEBUG_INFO = NO;
				SDKROOT = macosx;
				USER_HEADER_SEARCH_PATHS = /usr/local/include;
			};
			name = Release;
		};
		43022D9319DBF81D00DA5F6B /* Debug */ = {
			isa = XCBuildConfiguration;
			buildSettings = {
				PRODUCT_NAME = "$(TARGET_NAME)";
			};
			name = Debug;
		};
		43022D9419DBF81D00DA5F6B /* Release */ = {
			isa = XCBuildConfiguration;
			buildSettings = {
				PRODUCT_NAME = "$(TARGET_NAME)";
			};
			name = Release;
		};
/* End XCBuildConfiguration section */

/* Begin XCConfigurationList section */
		43022D8619DBF81D00DA5F6B /* Build configuration list for PBXProject "waveformgen" */ = {
			isa = XCConfigurationList;
			buildConfigurations = (
				43022D9019DBF81D00DA5F6B /* Debug */,
				43022D9119DBF81D00DA5F6B /* Release */,
			);
			defaultConfigurationIsVisible = 0;
			defaultConfigurationName = Release;
		};
		43022D9219DBF81D00DA5F6B /* Build configuration list for PBXNativeTarget "waveformgen" */ = {
			isa = XCConfigurationList;
			buildConfigurations = (
				43022D9319DBF81D00DA5F6B /* Debug */,
				43022D9419DBF81D00DA5F6B /* Release */,
			);
			defaultConfigurationIsVisible = 0;
			defaultConfigurationName = Release;
		};
/* End XCConfigurationList section */
	};
	rootObject = 43022D8319DBF81D00DA5F6B /* Project object */;
}
